
Microsoft Visual Studio Solution File, Format Version 12.00
# Visual Studio Version 16
VisualStudioVersion = 16.0.31025.194
MinimumVisualStudioVersion = 10.0.40219.1
Project("{2150E333-8FDC-42A3-9474-1A3956D46DE8}") = "Solution Items", "Solution Items", "{ABDA0327-1124-4C88-827D-759424F19E4C}"
	ProjectSection(SolutionItems) = preProject
		.gitignore = .gitignore
	EndProjectSection
EndProject
Project("{FAE04EC0-301F-11D3-BF4B-00C04F79EFBC}") = "TestWebService", "TestWebService\TestWebService.csproj", "{9E7CCE1B-B6A5-49EC-8640-4BE4835CC499}"
EndProject
Project("{FAE04EC0-301F-11D3-BF4B-00C04F79EFBC}") = "TestWebApplication", "TestWebApplication\TestWebApplication.csproj", "{12153AD5-4664-4A08-93B6-70AC8E8688F0}"
EndProject
Global
	GlobalSection(SolutionConfigurationPlatforms) = preSolution
		Debug|Any CPU = Debug|Any CPU
		Release|Any CPU = Release|Any CPU
	EndGlobalSection
	GlobalSection(ProjectConfigurationPlatforms) = postSolution
		{9E7CCE1B-B6A5-49EC-8640-4BE4835CC499}.Debug|Any CPU.ActiveCfg = Debug|Any CPU
		{9E7CCE1B-B6A5-49EC-8640-4BE4835CC499}.Debug|Any CPU.Build.0 = Debug|Any CPU
		{9E7CCE1B-B6A5-49EC-8640-4BE4835CC499}.Release|Any CPU.ActiveCfg = Release|Any CPU
		{9E7CCE1B-B6A5-49EC-8640-4BE4835CC499}.Release|Any CPU.Build.0 = Release|Any CPU
		{12153AD5-4664-4A08-93B6-70AC8E8688F0}.Debug|Any CPU.ActiveCfg = Debug|Any CPU
		{12153AD5-4664-4A08-93B6-70AC8E8688F0}.Debug|Any CPU.Build.0 = Debug|Any CPU
		{12153AD5-4664-4A08-93B6-70AC8E8688F0}.Release|Any CPU.ActiveCfg = Release|Any CPU
		{12153AD5-4664-4A08-93B6-70AC8E8688F0}.Release|Any CPU.Build.0 = Release|Any CPU
	EndGlobalSection
	GlobalSection(SolutionProperties) = preSolution
		HideSolutionNode = FALSE
	EndGlobalSection
	GlobalSection(ExtensibilityGlobals) = postSolution
		SolutionGuid = {3134A189-ED18-40DF-9067-350295CB2D3C}
	EndGlobalSection
EndGlobal
